
Microsoft Visual Studio Solution File, Format Version 12.00
# Visual Studio 2013
VisualStudioVersion = 12.0.31101.0
MinimumVisualStudioVersion = 10.0.40219.1
Project("{FAE04EC0-301F-11D3-BF4B-00C04F79EFBC}") = "Fairfax", "WebPlayground\Fairfax.csproj", "{FF31C99E-7FE3-4D6E-A437-01A217D91611}"
EndProject
Project("{FAE04EC0-301F-11D3-BF4B-00C04F79EFBC}") = "Fairfax.Core", "Fairfax.Core\Fairfax.Core.csproj", "{EE503621-6DAB-4D80-8DBD-3E08358F1D34}"
EndProject
Global
	GlobalSection(SolutionConfigurationPlatforms) = preSolution
		Debug|Any CPU = Debug|Any CPU
		Release|Any CPU = Release|Any CPU
	EndGlobalSection
	GlobalSection(ProjectConfigurationPlatforms) = postSolution
		{FF31C99E-7FE3-4D6E-A437-01A217D91611}.Debug|Any CPU.ActiveCfg = Debug|Any CPU
		{FF31C99E-7FE3-4D6E-A437-01A217D91611}.Debug|Any CPU.Build.0 = Debug|Any CPU
		{FF31C99E-7FE3-4D6E-A437-01A217D91611}.Release|Any CPU.ActiveCfg = Release|Any CPU
		{FF31C99E-7FE3-4D6E-A437-01A217D91611}.Release|Any CPU.Build.0 = Release|Any CPU
		{EE503621-6DAB-4D80-8DBD-3E08358F1D34}.Debug|Any CPU.ActiveCfg = Debug|Any CPU
		{EE503621-6DAB-4D80-8DBD-3E08358F1D34}.Debug|Any CPU.Build.0 = Debug|Any CPU
		{EE503621-6DAB-4D80-8DBD-3E08358F1D34}.Release|Any CPU.ActiveCfg = Release|Any CPU
		{EE503621-6DAB-4D80-8DBD-3E08358F1D34}.Release|Any CPU.Build.0 = Release|Any CPU
	EndGlobalSection
	GlobalSection(SolutionProperties) = preSolution
		HideSolutionNode = FALSE
	EndGlobalSection
EndGlobal
